
Microsoft Visual Studio Solution File, Format Version 12.00
# Visual Studio Version 16
VisualStudioVersion = 16.0.30709.132
MinimumVisualStudioVersion = 10.0.40219.1
Project("{FAE04EC0-301F-11D3-BF4B-00C04F79EFBC}") = "Sayfa52Soru23", "CozumluSoruBankasi\Sayfa52Soru23.csproj", "{6939C7F8-449D-4192-AB34-BB4C1740F934}"
EndProject
Project("{FAE04EC0-301F-11D3-BF4B-00C04F79EFBC}") = "Sayfa53Soru24", "Sayfa53Soru24\Sayfa53Soru24.csproj", "{81452AF1-AD44-4432-B09A-96FEB6E47AAE}"
EndProject
Project("{FAE04EC0-301F-11D3-BF4B-00C04F79EFBC}") = "Sayfa54Soru25", "Sayfa54Soru25\Sayfa54Soru25.csproj", "{754EA4DF-DFF5-4D54-A8DC-66BC199E4EC7}"
EndProject
Project("{FAE04EC0-301F-11D3-BF4B-00C04F79EFBC}") = "Sayfa55Soru26", "Sayfa55Soru26\Sayfa55Soru26.csproj", "{EAC4F8B4-2F2B-4081-B128-2D25FA8774D5}"
EndProject
Project("{2150E333-8FDC-42A3-9474-1A3956D46DE8}") = "5.Kontrol Yapıları", "5.Kontrol Yapıları", "{C7E58BD8-E6A2-481A-9521-A140811AFF3A}"
EndProject
Project("{2150E333-8FDC-42A3-9474-1A3956D46DE8}") = "While", "While", "{4CC8E64D-5B45-43C6-8BBC-1567D494556E}"
EndProject
Project("{2150E333-8FDC-42A3-9474-1A3956D46DE8}") = "do-While", "do-While", "{A15D11A4-9432-4BE5-B017-26EE5DCD1AEC}"
EndProject
Project("{2150E333-8FDC-42A3-9474-1A3956D46DE8}") = "6.Diziler ve Koleksiyonlar", "6.Diziler ve Koleksiyonlar", "{2054F63D-D787-4ACC-B2A5-70308DC38577}"
EndProject
Project("{FAE04EC0-301F-11D3-BF4B-00C04F79EFBC}") = "Sayfa56soru27", "Sayfa56soru27\Sayfa56soru27.csproj", "{F9ABE6AA-667E-424F-8014-04553CB5EA26}"
EndProject
Project("{FAE04EC0-301F-11D3-BF4B-00C04F79EFBC}") = "Soru28", "Soru28\Soru28.csproj", "{E1EAE50A-1A0B-401E-837A-0A0A9485CF3A}"
EndProject
Project("{FAE04EC0-301F-11D3-BF4B-00C04F79EFBC}") = "Sayfa58Soru29", "Soru29\Sayfa58Soru29.csproj", "{C422DA52-5772-414D-B2FE-7379A73BFBF3}"
EndProject
Project("{FAE04EC0-301F-11D3-BF4B-00C04F79EFBC}") = "sayfa59soru30", "sayfa59soru30\sayfa59soru30.csproj", "{0BE9605B-4C4A-4799-9C19-FFD9E706B4DE}"
EndProject
Project("{FAE04EC0-301F-11D3-BF4B-00C04F79EFBC}") = "Sayfa60Soru31", "Sayfa60Soru31\Sayfa60Soru31.csproj", "{1854D3ED-752B-4900-A6BE-C76D1D42B8D3}"
EndProject
Project("{FAE04EC0-301F-11D3-BF4B-00C04F79EFBC}") = "sayfa61soru32", "sayfa61soru32\sayfa61soru32.csproj", "{FA6E7AC3-2A7F-4794-9F1C-91ED95ED4EA7}"
EndProject
Project("{FAE04EC0-301F-11D3-BF4B-00C04F79EFBC}") = "sayfa62soru33", "sayfa62soru33\sayfa62soru33.csproj", "{272FA687-AE6F-4C05-BE0D-73B258CE82B1}"
EndProject
Project("{FAE04EC0-301F-11D3-BF4B-00C04F79EFBC}") = "sayfa63soru34", "sayfa63soru34\sayfa63soru34.csproj", "{58EC15D5-8E28-47CC-91CD-7EC54EA76780}"
EndProject
Project("{FAE04EC0-301F-11D3-BF4B-00C04F79EFBC}") = "soru1", "soru1\soru1.csproj", "{BA9F0D38-DEF5-4C88-A00D-02EA23D6ACEC}"
EndProject
Project("{2150E333-8FDC-42A3-9474-1A3956D46DE8}") = "Diziler", "Diziler", "{CEE82900-5467-4F74-A155-9E8DC019A117}"
EndProject
Project("{FAE04EC0-301F-11D3-BF4B-00C04F79EFBC}") = "soru2", "soru2\soru2.csproj", "{48DEEFA9-7B0E-4538-867A-3EEF8809F13A}"
EndProject
Project("{FAE04EC0-301F-11D3-BF4B-00C04F79EFBC}") = "soru3", "soru3\soru3.csproj", "{FF70A6B4-1B40-47D9-BE9C-583A1F0696AC}"
EndProject
Project("{FAE04EC0-301F-11D3-BF4B-00C04F79EFBC}") = "soru4", "soru4\soru4.csproj", "{F1D577BF-154D-4F41-B016-5C039840B823}"
EndProject
Project("{FAE04EC0-301F-11D3-BF4B-00C04F79EFBC}") = "soru5", "soru5\soru5.csproj", "{7DB5F9CF-8F98-4B5E-8B34-17E17C31462E}"
EndProject
Project("{FAE04EC0-301F-11D3-BF4B-00C04F79EFBC}") = "soru6", "soru6\soru6.csproj", "{38969703-090D-4D14-B68D-DD4FEB8EBA37}"
EndProject
Project("{FAE04EC0-301F-11D3-BF4B-00C04F79EFBC}") = "soru7", "soru7\soru7.csproj", "{D5E71C8F-67E9-4588-85B9-8E3AD3304343}"
EndProject
Project("{FAE04EC0-301F-11D3-BF4B-00C04F79EFBC}") = "soru8", "soru8\soru8.csproj", "{CE3EDB58-76CA-43A1-9FC3-3887E04223DE}"
EndProject
Project("{FAE04EC0-301F-11D3-BF4B-00C04F79EFBC}") = "soru9", "soru9\soru9.csproj", "{DBB127B7-D24B-4336-833D-A4845555FD05}"
EndProject
Project("{FAE04EC0-301F-11D3-BF4B-00C04F79EFBC}") = "soru9.11", "soru11\soru9.11.csproj", "{308B033A-AE63-4338-965F-960DD6B8C16C}"
EndProject
Project("{FAE04EC0-301F-11D3-BF4B-00C04F79EFBC}") = "soru9.12", "soru9.12\soru9.12.csproj", "{FD2996A2-D80F-43C4-8A90-05CB8BFA70BF}"
EndProject
Project("{FAE04EC0-301F-11D3-BF4B-00C04F79EFBC}") = "soru9.13", "soru9.13\soru9.13.csproj", "{7F022A7B-6AB0-4F3A-93E2-D0DF976C6E51}"
EndProject
Project("{FAE04EC0-301F-11D3-BF4B-00C04F79EFBC}") = "soru9.14", "soru9.14\soru9.14.csproj", "{A920A92E-A316-4C4F-AE0C-8AC394C1A347}"
EndProject
Project("{FAE04EC0-301F-11D3-BF4B-00C04F79EFBC}") = "soru9.15", "soru9.15\soru9.15.csproj", "{749B2E3E-64CE-40A5-A198-A2C5C3157396}"
EndProject
Project("{FAE04EC0-301F-11D3-BF4B-00C04F79EFBC}") = "soru9.16", "soru9.16\soru9.16.csproj", "{69DD511F-92DB-4D93-AE4F-8C8159679F4B}"
EndProject
Project("{FAE04EC0-301F-11D3-BF4B-00C04F79EFBC}") = "soru9.17", "soru9.17\soru9.17.csproj", "{74C0D540-0722-44B1-910D-FC134B5AD2A1}"
EndProject
Project("{FAE04EC0-301F-11D3-BF4B-00C04F79EFBC}") = "soru9.18", "soru9.18\soru9.18.csproj", "{C97DE966-EECA-4D43-8562-749ABC847A7F}"
EndProject
Project("{FAE04EC0-301F-11D3-BF4B-00C04F79EFBC}") = "soru9.19", "soru9.19\soru9.19.csproj", "{55E7924B-286D-4039-84FC-13CA2BE17D78}"
EndProject
Project("{FAE04EC0-301F-11D3-BF4B-00C04F79EFBC}") = "soru9.20", "soru9.20\soru9.20.csproj", "{26C214A4-1314-4758-AECC-B16ED1B8BFD5}"
EndProject
Global
	GlobalSection(SolutionConfigurationPlatforms) = preSolution
		Debug|Any CPU = Debug|Any CPU
		Release|Any CPU = Release|Any CPU
	EndGlobalSection
	GlobalSection(ProjectConfigurationPlatforms) = postSolution
		{6939C7F8-449D-4192-AB34-BB4C1740F934}.Debug|Any CPU.ActiveCfg = Debug|Any CPU
		{6939C7F8-449D-4192-AB34-BB4C1740F934}.Debug|Any CPU.Build.0 = Debug|Any CPU
		{6939C7F8-449D-4192-AB34-BB4C1740F934}.Release|Any CPU.ActiveCfg = Release|Any CPU
		{6939C7F8-449D-4192-AB34-BB4C1740F934}.Release|Any CPU.Build.0 = Release|Any CPU
		{81452AF1-AD44-4432-B09A-96FEB6E47AAE}.Debug|Any CPU.ActiveCfg = Debug|Any CPU
		{81452AF1-AD44-4432-B09A-96FEB6E47AAE}.Debug|Any CPU.Build.0 = Debug|Any CPU
		{81452AF1-AD44-4432-B09A-96FEB6E47AAE}.Release|Any CPU.ActiveCfg = Release|Any CPU
		{81452AF1-AD44-4432-B09A-96FEB6E47AAE}.Release|Any CPU.Build.0 = Release|Any CPU
		{754EA4DF-DFF5-4D54-A8DC-66BC199E4EC7}.Debug|Any CPU.ActiveCfg = Debug|Any CPU
		{754EA4DF-DFF5-4D54-A8DC-66BC199E4EC7}.Debug|Any CPU.Build.0 = Debug|Any CPU
		{754EA4DF-DFF5-4D54-A8DC-66BC199E4EC7}.Release|Any CPU.ActiveCfg = Release|Any CPU
		{754EA4DF-DFF5-4D54-A8DC-66BC199E4EC7}.Release|Any CPU.Build.0 = Release|Any CPU
		{EAC4F8B4-2F2B-4081-B128-2D25FA8774D5}.Debug|Any CPU.ActiveCfg = Debug|Any CPU
		{EAC4F8B4-2F2B-4081-B128-2D25FA8774D5}.Debug|Any CPU.Build.0 = Debug|Any CPU
		{EAC4F8B4-2F2B-4081-B128-2D25FA8774D5}.Release|Any CPU.ActiveCfg = Release|Any CPU
		{EAC4F8B4-2F2B-4081-B128-2D25FA8774D5}.Release|Any CPU.Build.0 = Release|Any CPU
		{F9ABE6AA-667E-424F-8014-04553CB5EA26}.Debug|Any CPU.ActiveCfg = Debug|Any CPU
		{F9ABE6AA-667E-424F-8014-04553CB5EA26}.Debug|Any CPU.Build.0 = Debug|Any CPU
		{F9ABE6AA-667E-424F-8014-04553CB5EA26}.Release|Any CPU.ActiveCfg = Release|Any CPU
		{F9ABE6AA-667E-424F-8014-04553CB5EA26}.Release|Any CPU.Build.0 = Release|Any CPU
		{E1EAE50A-1A0B-401E-837A-0A0A9485CF3A}.Debug|Any CPU.ActiveCfg = Debug|Any CPU
		{E1EAE50A-1A0B-401E-837A-0A0A9485CF3A}.Debug|Any CPU.Build.0 = Debug|Any CPU
		{E1EAE50A-1A0B-401E-837A-0A0A9485CF3A}.Release|Any CPU.ActiveCfg = Release|Any CPU
		{E1EAE50A-1A0B-401E-837A-0A0A9485CF3A}.Release|Any CPU.Build.0 = Release|Any CPU
		{C422DA52-5772-414D-B2FE-7379A73BFBF3}.Debug|Any CPU.ActiveCfg = Debug|Any CPU
		{C422DA52-5772-414D-B2FE-7379A73BFBF3}.Debug|Any CPU.Build.0 = Debug|Any CPU
		{C422DA52-5772-414D-B2FE-7379A73BFBF3}.Release|Any CPU.ActiveCfg = Release|Any CPU
		{C422DA52-5772-414D-B2FE-7379A73BFBF3}.Release|Any CPU.Build.0 = Release|Any CPU
		{0BE9605B-4C4A-4799-9C19-FFD9E706B4DE}.Debug|Any CPU.ActiveCfg = Debug|Any CPU
		{0BE9605B-4C4A-4799-9C19-FFD9E706B4DE}.Debug|Any CPU.Build.0 = Debug|Any CPU
		{0BE9605B-4C4A-4799-9C19-FFD9E706B4DE}.Release|Any CPU.ActiveCfg = Release|Any CPU
		{0BE9605B-4C4A-4799-9C19-FFD9E706B4DE}.Release|Any CPU.Build.0 = Release|Any CPU
		{1854D3ED-752B-4900-A6BE-C76D1D42B8D3}.Debug|Any CPU.ActiveCfg = Debug|Any CPU
		{1854D3ED-752B-4900-A6BE-C76D1D42B8D3}.Debug|Any CPU.Build.0 = Debug|Any CPU
		{1854D3ED-752B-4900-A6BE-C76D1D42B8D3}.Release|Any CPU.ActiveCfg = Release|Any CPU
		{1854D3ED-752B-4900-A6BE-C76D1D42B8D3}.Release|Any CPU.Build.0 = Release|Any CPU
		{FA6E7AC3-2A7F-4794-9F1C-91ED95ED4EA7}.Debug|Any CPU.ActiveCfg = Debug|Any CPU
		{FA6E7AC3-2A7F-4794-9F1C-91ED95ED4EA7}.Debug|Any CPU.Build.0 = Debug|Any CPU
		{FA6E7AC3-2A7F-4794-9F1C-91ED95ED4EA7}.Release|Any CPU.ActiveCfg = Release|Any CPU
		{FA6E7AC3-2A7F-4794-9F1C-91ED95ED4EA7}.Release|Any CPU.Build.0 = Release|Any CPU
		{272FA687-AE6F-4C05-BE0D-73B258CE82B1}.Debug|Any CPU.ActiveCfg = Debug|Any CPU
		{272FA687-AE6F-4C05-BE0D-73B258CE82B1}.Debug|Any CPU.Build.0 = Debug|Any CPU
		{272FA687-AE6F-4C05-BE0D-73B258CE82B1}.Release|Any CPU.ActiveCfg = Release|Any CPU
		{272FA687-AE6F-4C05-BE0D-73B258CE82B1}.Release|Any CPU.Build.0 = Release|Any CPU
		{58EC15D5-8E28-47CC-91CD-7EC54EA76780}.Debug|Any CPU.ActiveCfg = Debug|Any CPU
		{58EC15D5-8E28-47CC-91CD-7EC54EA76780}.Debug|Any CPU.Build.0 = Debug|Any CPU
		{58EC15D5-8E28-47CC-91CD-7EC54EA76780}.Release|Any CPU.ActiveCfg = Release|Any CPU
		{58EC15D5-8E28-47CC-91CD-7EC54EA76780}.Release|Any CPU.Build.0 = Release|Any CPU
		{BA9F0D38-DEF5-4C88-A00D-02EA23D6ACEC}.Debug|Any CPU.ActiveCfg = Debug|Any CPU
		{BA9F0D38-DEF5-4C88-A00D-02EA23D6ACEC}.Debug|Any CPU.Build.0 = Debug|Any CPU
		{BA9F0D38-DEF5-4C88-A00D-02EA23D6ACEC}.Release|Any CPU.ActiveCfg = Release|Any CPU
		{BA9F0D38-DEF5-4C88-A00D-02EA23D6ACEC}.Release|Any CPU.Build.0 = Release|Any CPU
		{48DEEFA9-7B0E-4538-867A-3EEF8809F13A}.Debug|Any CPU.ActiveCfg = Debug|Any CPU
		{48DEEFA9-7B0E-4538-867A-3EEF8809F13A}.Debug|Any CPU.Build.0 = Debug|Any CPU
		{48DEEFA9-7B0E-4538-867A-3EEF8809F13A}.Release|Any CPU.ActiveCfg = Release|Any CPU
		{48DEEFA9-7B0E-4538-867A-3EEF8809F13A}.Release|Any CPU.Build.0 = Release|Any CPU
		{FF70A6B4-1B40-47D9-BE9C-583A1F0696AC}.Debug|Any CPU.ActiveCfg = Debug|Any CPU
		{FF70A6B4-1B40-47D9-BE9C-583A1F0696AC}.Debug|Any CPU.Build.0 = Debug|Any CPU
		{FF70A6B4-1B40-47D9-BE9C-583A1F0696AC}.Release|Any CPU.ActiveCfg = Release|Any CPU
		{FF70A6B4-1B40-47D9-BE9C-583A1F0696AC}.Release|Any CPU.Build.0 = Release|Any CPU
		{F1D577BF-154D-4F41-B016-5C039840B823}.Debug|Any CPU.ActiveCfg = Debug|Any CPU
		{F1D577BF-154D-4F41-B016-5C039840B823}.Debug|Any CPU.Build.0 = Debug|Any CPU
		{F1D577BF-154D-4F41-B016-5C039840B823}.Release|Any CPU.ActiveCfg = Release|Any CPU
		{F1D577BF-154D-4F41-B016-5C039840B823}.Release|Any CPU.Build.0 = Release|Any CPU
		{7DB5F9CF-8F98-4B5E-8B34-17E17C31462E}.Debug|Any CPU.ActiveCfg = Debug|Any CPU
		{7DB5F9CF-8F98-4B5E-8B34-17E17C31462E}.Debug|Any CPU.Build.0 = Debug|Any CPU
		{7DB5F9CF-8F98-4B5E-8B34-17E17C31462E}.Release|Any CPU.ActiveCfg = Release|Any CPU
		{7DB5F9CF-8F98-4B5E-8B34-17E17C31462E}.Release|Any CPU.Build.0 = Release|Any CPU
		{38969703-090D-4D14-B68D-DD4FEB8EBA37}.Debug|Any CPU.ActiveCfg = Debug|Any CPU
		{38969703-090D-4D14-B68D-DD4FEB8EBA37}.Debug|Any CPU.Build.0 = Debug|Any CPU
		{38969703-090D-4D14-B68D-DD4FEB8EBA37}.Release|Any CPU.ActiveCfg = Release|Any CPU
		{38969703-090D-4D14-B68D-DD4FEB8EBA37}.Release|Any CPU.Build.0 = Release|Any CPU
		{D5E71C8F-67E9-4588-85B9-8E3AD3304343}.Debug|Any CPU.ActiveCfg = Debug|Any CPU
		{D5E71C8F-67E9-4588-85B9-8E3AD3304343}.Debug|Any CPU.Build.0 = Debug|Any CPU
		{D5E71C8F-67E9-4588-85B9-8E3AD3304343}.Release|Any CPU.ActiveCfg = Release|Any CPU
		{D5E71C8F-67E9-4588-85B9-8E3AD3304343}.Release|Any CPU.Build.0 = Release|Any CPU
		{CE3EDB58-76CA-43A1-9FC3-3887E04223DE}.Debug|Any CPU.ActiveCfg = Debug|Any CPU
		{CE3EDB58-76CA-43A1-9FC3-3887E04223DE}.Debug|Any CPU.Build.0 = Debug|Any CPU
		{CE3EDB58-76CA-43A1-9FC3-3887E04223DE}.Release|Any CPU.ActiveCfg = Release|Any CPU
		{CE3EDB58-76CA-43A1-9FC3-3887E04223DE}.Release|Any CPU.Build.0 = Release|Any CPU
		{DBB127B7-D24B-4336-833D-A4845555FD05}.Debug|Any CPU.ActiveCfg = Debug|Any CPU
		{DBB127B7-D24B-4336-833D-A4845555FD05}.Debug|Any CPU.Build.0 = Debug|Any CPU
		{DBB127B7-D24B-4336-833D-A4845555FD05}.Release|Any CPU.ActiveCfg = Release|Any CPU
		{DBB127B7-D24B-4336-833D-A4845555FD05}.Release|Any CPU.Build.0 = Release|Any CPU
		{308B033A-AE63-4338-965F-960DD6B8C16C}.Debug|Any CPU.ActiveCfg = Debug|Any CPU
		{308B033A-AE63-4338-965F-960DD6B8C16C}.Debug|Any CPU.Build.0 = Debug|Any CPU
		{308B033A-AE63-4338-965F-960DD6B8C16C}.Release|Any CPU.ActiveCfg = Release|Any CPU
		{308B033A-AE63-4338-965F-960DD6B8C16C}.Release|Any CPU.Build.0 = Release|Any CPU
		{FD2996A2-D80F-43C4-8A90-05CB8BFA70BF}.Debug|Any CPU.ActiveCfg = Debug|Any CPU
		{FD2996A2-D80F-43C4-8A90-05CB8BFA70BF}.Debug|Any CPU.Build.0 = Debug|Any CPU
		{FD2996A2-D80F-43C4-8A90-05CB8BFA70BF}.Release|Any CPU.ActiveCfg = Release|Any CPU
		{FD2996A2-D80F-43C4-8A90-05CB8BFA70BF}.Release|Any CPU.Build.0 = Release|Any CPU
		{7F022A7B-6AB0-4F3A-93E2-D0DF976C6E51}.Debug|Any CPU.ActiveCfg = Debug|Any CPU
		{7F022A7B-6AB0-4F3A-93E2-D0DF976C6E51}.Debug|Any CPU.Build.0 = Debug|Any CPU
		{7F022A7B-6AB0-4F3A-93E2-D0DF976C6E51}.Release|Any CPU.ActiveCfg = Release|Any CPU
		{7F022A7B-6AB0-4F3A-93E2-D0DF976C6E51}.Release|Any CPU.Build.0 = Release|Any CPU
		{A920A92E-A316-4C4F-AE0C-8AC394C1A347}.Debug|Any CPU.ActiveCfg = Debug|Any CPU
		{A920A92E-A316-4C4F-AE0C-8AC394C1A347}.Debug|Any CPU.Build.0 = Debug|Any CPU
		{A920A92E-A316-4C4F-AE0C-8AC394C1A347}.Release|Any CPU.ActiveCfg = Release|Any CPU
		{A920A92E-A316-4C4F-AE0C-8AC394C1A347}.Release|Any CPU.Build.0 = Release|Any CPU
		{749B2E3E-64CE-40A5-A198-A2C5C3157396}.Debug|Any CPU.ActiveCfg = Debug|Any CPU
		{749B2E3E-64CE-40A5-A198-A2C5C3157396}.Debug|Any CPU.Build.0 = Debug|Any CPU
		{749B2E3E-64CE-40A5-A198-A2C5C3157396}.Release|Any CPU.ActiveCfg = Release|Any CPU
		{749B2E3E-64CE-40A5-A198-A2C5C3157396}.Release|Any CPU.Build.0 = Release|Any CPU
		{69DD511F-92DB-4D93-AE4F-8C8159679F4B}.Debug|Any CPU.ActiveCfg = Debug|Any CPU
		{69DD511F-92DB-4D93-AE4F-8C8159679F4B}.Debug|Any CPU.Build.0 = Debug|Any CPU
		{69DD511F-92DB-4D93-AE4F-8C8159679F4B}.Release|Any CPU.ActiveCfg = Release|Any CPU
		{69DD511F-92DB-4D93-AE4F-8C8159679F4B}.Release|Any CPU.Build.0 = Release|Any CPU
		{74C0D540-0722-44B1-910D-FC134B5AD2A1}.Debug|Any CPU.ActiveCfg = Debug|Any CPU
		{74C0D540-0722-44B1-910D-FC134B5AD2A1}.Debug|Any CPU.Build.0 = Debug|Any CPU
		{74C0D540-0722-44B1-910D-FC134B5AD2A1}.Release|Any CPU.ActiveCfg = Release|Any CPU
		{74C0D540-0722-44B1-910D-FC134B5AD2A1}.Release|Any CPU.Build.0 = Release|Any CPU
		{C97DE966-EECA-4D43-8562-749ABC847A7F}.Debug|Any CPU.ActiveCfg = Debug|Any CPU
		{C97DE966-EECA-4D43-8562-749ABC847A7F}.Debug|Any CPU.Build.0 = Debug|Any CPU
		{C97DE966-EECA-4D43-8562-749ABC847A7F}.Release|Any CPU.ActiveCfg = Release|Any CPU
		{C97DE966-EECA-4D43-8562-749ABC847A7F}.Release|Any CPU.Build.0 = Release|Any CPU
		{55E7924B-286D-4039-84FC-13CA2BE17D78}.Debug|Any CPU.ActiveCfg = Debug|Any CPU
		{55E7924B-286D-4039-84FC-13CA2BE17D78}.Debug|Any CPU.Build.0 = Debug|Any CPU
		{55E7924B-286D-4039-84FC-13CA2BE17D78}.Release|Any CPU.ActiveCfg = Release|Any CPU
		{55E7924B-286D-4039-84FC-13CA2BE17D78}.Release|Any CPU.Build.0 = Release|Any CPU
		{26C214A4-1314-4758-AECC-B16ED1B8BFD5}.Debug|Any CPU.ActiveCfg = Debug|Any CPU
		{26C214A4-1314-4758-AECC-B16ED1B8BFD5}.Debug|Any CPU.Build.0 = Debug|Any CPU
		{26C214A4-1314-4758-AECC-B16ED1B8BFD5}.Release|Any CPU.ActiveCfg = Release|Any CPU
		{26C214A4-1314-4758-AECC-B16ED1B8BFD5}.Release|Any CPU.Build.0 = Release|Any CPU
	EndGlobalSection
	GlobalSection(SolutionProperties) = preSolution
		HideSolutionNode = FALSE
	EndGlobalSection
	GlobalSection(NestedProjects) = preSolution
		{6939C7F8-449D-4192-AB34-BB4C1740F934} = {4CC8E64D-5B45-43C6-8BBC-1567D494556E}
		{81452AF1-AD44-4432-B09A-96FEB6E47AAE} = {4CC8E64D-5B45-43C6-8BBC-1567D494556E}
		{754EA4DF-DFF5-4D54-A8DC-66BC199E4EC7} = {4CC8E64D-5B45-43C6-8BBC-1567D494556E}
		{EAC4F8B4-2F2B-4081-B128-2D25FA8774D5} = {4CC8E64D-5B45-43C6-8BBC-1567D494556E}
		{4CC8E64D-5B45-43C6-8BBC-1567D494556E} = {C7E58BD8-E6A2-481A-9521-A140811AFF3A}
		{A15D11A4-9432-4BE5-B017-26EE5DCD1AEC} = {C7E58BD8-E6A2-481A-9521-A140811AFF3A}
		{F9ABE6AA-667E-424F-8014-04553CB5EA26} = {4CC8E64D-5B45-43C6-8BBC-1567D494556E}
		{E1EAE50A-1A0B-401E-837A-0A0A9485CF3A} = {4CC8E64D-5B45-43C6-8BBC-1567D494556E}
		{C422DA52-5772-414D-B2FE-7379A73BFBF3} = {A15D11A4-9432-4BE5-B017-26EE5DCD1AEC}
		{0BE9605B-4C4A-4799-9C19-FFD9E706B4DE} = {A15D11A4-9432-4BE5-B017-26EE5DCD1AEC}
		{1854D3ED-752B-4900-A6BE-C76D1D42B8D3} = {A15D11A4-9432-4BE5-B017-26EE5DCD1AEC}
		{FA6E7AC3-2A7F-4794-9F1C-91ED95ED4EA7} = {A15D11A4-9432-4BE5-B017-26EE5DCD1AEC}
		{272FA687-AE6F-4C05-BE0D-73B258CE82B1} = {A15D11A4-9432-4BE5-B017-26EE5DCD1AEC}
		{58EC15D5-8E28-47CC-91CD-7EC54EA76780} = {A15D11A4-9432-4BE5-B017-26EE5DCD1AEC}
		{BA9F0D38-DEF5-4C88-A00D-02EA23D6ACEC} = {CEE82900-5467-4F74-A155-9E8DC019A117}
		{CEE82900-5467-4F74-A155-9E8DC019A117} = {2054F63D-D787-4ACC-B2A5-70308DC38577}
		{48DEEFA9-7B0E-4538-867A-3EEF8809F13A} = {CEE82900-5467-4F74-A155-9E8DC019A117}
		{FF70A6B4-1B40-47D9-BE9C-583A1F0696AC} = {CEE82900-5467-4F74-A155-9E8DC019A117}
		{F1D577BF-154D-4F41-B016-5C039840B823} = {CEE82900-5467-4F74-A155-9E8DC019A117}
		{7DB5F9CF-8F98-4B5E-8B34-17E17C31462E} = {CEE82900-5467-4F74-A155-9E8DC019A117}
		{38969703-090D-4D14-B68D-DD4FEB8EBA37} = {CEE82900-5467-4F74-A155-9E8DC019A117}
		{D5E71C8F-67E9-4588-85B9-8E3AD3304343} = {CEE82900-5467-4F74-A155-9E8DC019A117}
		{CE3EDB58-76CA-43A1-9FC3-3887E04223DE} = {CEE82900-5467-4F74-A155-9E8DC019A117}
		{DBB127B7-D24B-4336-833D-A4845555FD05} = {CEE82900-5467-4F74-A155-9E8DC019A117}
		{308B033A-AE63-4338-965F-960DD6B8C16C} = {CEE82900-5467-4F74-A155-9E8DC019A117}
		{FD2996A2-D80F-43C4-8A90-05CB8BFA70BF} = {CEE82900-5467-4F74-A155-9E8DC019A117}
		{7F022A7B-6AB0-4F3A-93E2-D0DF976C6E51} = {CEE82900-5467-4F74-A155-9E8DC019A117}
		{A920A92E-A316-4C4F-AE0C-8AC394C1A347} = {CEE82900-5467-4F74-A155-9E8DC019A117}
		{749B2E3E-64CE-40A5-A198-A2C5C3157396} = {CEE82900-5467-4F74-A155-9E8DC019A117}
		{69DD511F-92DB-4D93-AE4F-8C8159679F4B} = {CEE82900-5467-4F74-A155-9E8DC019A117}
		{74C0D540-0722-44B1-910D-FC134B5AD2A1} = {CEE82900-5467-4F74-A155-9E8DC019A117}
		{C97DE966-EECA-4D43-8562-749ABC847A7F} = {CEE82900-5467-4F74-A155-9E8DC019A117}
		{55E7924B-286D-4039-84FC-13CA2BE17D78} = {CEE82900-5467-4F74-A155-9E8DC019A117}
		{26C214A4-1314-4758-AECC-B16ED1B8BFD5} = {CEE82900-5467-4F74-A155-9E8DC019A117}
	EndGlobalSection
	GlobalSection(ExtensibilityGlobals) = postSolution
		SolutionGuid = {5D70B335-779E-47FF-8166-573C9D4D4DC2}
	EndGlobalSection
EndGlobal
